
Microsoft Visual Studio Solution File, Format Version 12.00
# Visual Studio Version 17
VisualStudioVersion = 17.14.36414.22
MinimumVisualStudioVersion = 10.0.40219.1
Project("{2150E333-8FDC-42A3-9474-1A3956D46DE8}") = "Solution Items", "Solution Items", "{8EC462FD-D22E-90A8-E5CE-7E832BA40C5D}"
	ProjectSection(SolutionItems) = preProject
		ReadMe.md = ReadMe.md
	EndProjectSection
EndProject
Project("{FAE04EC0-301F-11D3-BF4B-00C04F79EFBC}") = "AutoSizeButtonLibrary", "AutoSizeButtonLibrary\AutoSizeButtonLibrary.csproj", "{4B982A43-7EF5-4D77-979D-E982E4299333}"
EndProject
Project("{FAE04EC0-301F-11D3-BF4B-00C04F79EFBC}") = "AutoSizeButtonLibrary.VisualStudio.Design", "AutoSizeButtonLibrary.VisualStudio.Design\AutoSizeButtonLibrary.VisualStudio.Design.csproj", "{BD9C94AF-4971-42BB-82DB-1E7CB1CCAA53}"
EndProject
Project("{FAE04EC0-301F-11D3-BF4B-00C04F79EFBC}") = "DemoApplication", "DemoApplication\DemoApplication.csproj", "{204B9784-20B0-4B26-BBA8-5501F3578720}"
EndProject
Global
	GlobalSection(SolutionConfigurationPlatforms) = preSolution
		Debug|Any CPU = Debug|Any CPU
		Release|Any CPU = Release|Any CPU
	EndGlobalSection
	GlobalSection(ProjectConfigurationPlatforms) = postSolution
		{4B982A43-7EF5-4D77-979D-E982E4299333}.Debug|Any CPU.ActiveCfg = Debug|Any CPU
		{4B982A43-7EF5-4D77-979D-E982E4299333}.Debug|Any CPU.Build.0 = Debug|Any CPU
		{4B982A43-7EF5-4D77-979D-E982E4299333}.Release|Any CPU.ActiveCfg = Release|Any CPU
		{4B982A43-7EF5-4D77-979D-E982E4299333}.Release|Any CPU.Build.0 = Release|Any CPU
		{BD9C94AF-4971-42BB-82DB-1E7CB1CCAA53}.Debug|Any CPU.ActiveCfg = Debug|Any CPU
		{BD9C94AF-4971-42BB-82DB-1E7CB1CCAA53}.Debug|Any CPU.Build.0 = Debug|Any CPU
		{BD9C94AF-4971-42BB-82DB-1E7CB1CCAA53}.Release|Any CPU.ActiveCfg = Release|Any CPU
		{BD9C94AF-4971-42BB-82DB-1E7CB1CCAA53}.Release|Any CPU.Build.0 = Release|Any CPU
		{204B9784-20B0-4B26-BBA8-5501F3578720}.Debug|Any CPU.ActiveCfg = Debug|Any CPU
		{204B9784-20B0-4B26-BBA8-5501F3578720}.Debug|Any CPU.Build.0 = Debug|Any CPU
		{204B9784-20B0-4B26-BBA8-5501F3578720}.Release|Any CPU.ActiveCfg = Release|Any CPU
		{204B9784-20B0-4B26-BBA8-5501F3578720}.Release|Any CPU.Build.0 = Release|Any CPU
	EndGlobalSection
	GlobalSection(SolutionProperties) = preSolution
		HideSolutionNode = FALSE
	EndGlobalSection
	GlobalSection(ExtensibilityGlobals) = postSolution
		SolutionGuid = {814A59C4-FDBC-4B5F-A7B2-4ED6CD6329D2}
	EndGlobalSection
EndGlobal
